
Microsoft Visual Studio Solution File, Format Version 12.00
# Visual Studio Version 16
VisualStudioVersion = 16.0.29920.165
MinimumVisualStudioVersion = 10.0.40219.1
Project("{FAE04EC0-301F-11D3-BF4B-00C04F79EFBC}") = "fnc_cosmosdb", "fnc_cosmosdb\fnc_cosmosdb.csproj", "{BDCFCF23-6467-4A10-86CC-6A6679EBAFE3}"
EndProject
Global
	GlobalSection(SolutionConfigurationPlatforms) = preSolution
		Debug|Any CPU = Debug|Any CPU
		Release|Any CPU = Release|Any CPU
	EndGlobalSection
	GlobalSection(ProjectConfigurationPlatforms) = postSolution
		{BDCFCF23-6467-4A10-86CC-6A6679EBAFE3}.Debug|Any CPU.ActiveCfg = Debug|Any CPU
		{BDCFCF23-6467-4A10-86CC-6A6679EBAFE3}.Debug|Any CPU.Build.0 = Debug|Any CPU
		{BDCFCF23-6467-4A10-86CC-6A6679EBAFE3}.Release|Any CPU.ActiveCfg = Release|Any CPU
		{BDCFCF23-6467-4A10-86CC-6A6679EBAFE3}.Release|Any CPU.Build.0 = Release|Any CPU
	EndGlobalSection
	GlobalSection(SolutionProperties) = preSolution
		HideSolutionNode = FALSE
	EndGlobalSection
	GlobalSection(ExtensibilityGlobals) = postSolution
		SolutionGuid = {88646E8A-37CA-4CDD-9EE4-9E305BEF4D4E}
	EndGlobalSection
EndGlobal
